
Microsoft Visual Studio Solution File, Format Version 12.00
# Visual Studio Version 17
VisualStudioVersion = 17.4.33403.182
MinimumVisualStudioVersion = 10.0.40219.1
Project("{FAE04EC0-301F-11D3-BF4B-00C04F79EFBC}") = "Course", "Course.csproj", "{D220D33F-6358-4C7C-B589-732891938255}"
EndProject
Global
	GlobalSection(SolutionConfigurationPlatforms) = preSolution
		Debug|Any CPU = Debug|Any CPU
		Release|Any CPU = Release|Any CPU
	EndGlobalSection
	GlobalSection(ProjectConfigurationPlatforms) = postSolution
		{D220D33F-6358-4C7C-B589-732891938255}.Debug|Any CPU.ActiveCfg = Debug|Any CPU
		{D220D33F-6358-4C7C-B589-732891938255}.Debug|Any CPU.Build.0 = Debug|Any CPU
		{D220D33F-6358-4C7C-B589-732891938255}.Release|Any CPU.ActiveCfg = Release|Any CPU
		{D220D33F-6358-4C7C-B589-732891938255}.Release|Any CPU.Build.0 = Release|Any CPU
	EndGlobalSection
	GlobalSection(SolutionProperties) = preSolution
		HideSolutionNode = FALSE
	EndGlobalSection
	GlobalSection(ExtensibilityGlobals) = postSolution
		SolutionGuid = {574C2E4A-C759-4139-B5F7-8873E9744597}
	EndGlobalSection
EndGlobal
